
Microsoft Visual Studio Solution File, Format Version 12.00
# Visual Studio Version 16
VisualStudioVersion = 16.0.30503.244
MinimumVisualStudioVersion = 10.0.40219.1
Project("{FAE04EC0-301F-11D3-BF4B-00C04F79EFBC}") = "IdentityTemplate", "IdentityTemplate\IdentityTemplate.csproj", "{9109EA5F-10B7-478F-97FD-3C1520E032D3}"
EndProject
Global
	GlobalSection(SolutionConfigurationPlatforms) = preSolution
		Debug|Any CPU = Debug|Any CPU
		Release|Any CPU = Release|Any CPU
	EndGlobalSection
	GlobalSection(ProjectConfigurationPlatforms) = postSolution
		{9109EA5F-10B7-478F-97FD-3C1520E032D3}.Debug|Any CPU.ActiveCfg = Debug|Any CPU
		{9109EA5F-10B7-478F-97FD-3C1520E032D3}.Debug|Any CPU.Build.0 = Debug|Any CPU
		{9109EA5F-10B7-478F-97FD-3C1520E032D3}.Release|Any CPU.ActiveCfg = Release|Any CPU
		{9109EA5F-10B7-478F-97FD-3C1520E032D3}.Release|Any CPU.Build.0 = Release|Any CPU
	EndGlobalSection
	GlobalSection(SolutionProperties) = preSolution
		HideSolutionNode = FALSE
	EndGlobalSection
	GlobalSection(ExtensibilityGlobals) = postSolution
		SolutionGuid = {C51DE695-78FA-457C-8591-DB0FB2DA0CE3}
	EndGlobalSection
EndGlobal
